
Microsoft Visual Studio Solution File, Format Version 12.00
# Visual Studio 15
VisualStudioVersion = 15.0.28307.705
MinimumVisualStudioVersion = 10.0.40219.1
Project("{FAE04EC0-301F-11D3-BF4B-00C04F79EFBC}") = "SimpleModbusUI", "SimpleModbusUI\SimpleModbusUI.csproj", "{6371A2EC-694A-4750-8F79-B55D8B6E6196}"
EndProject
Global
	GlobalSection(SolutionConfigurationPlatforms) = preSolution
		Debug|Any CPU = Debug|Any CPU
		Release|Any CPU = Release|Any CPU
	EndGlobalSection
	GlobalSection(ProjectConfigurationPlatforms) = postSolution
		{6371A2EC-694A-4750-8F79-B55D8B6E6196}.Debug|Any CPU.ActiveCfg = Debug|Any CPU
		{6371A2EC-694A-4750-8F79-B55D8B6E6196}.Debug|Any CPU.Build.0 = Debug|Any CPU
		{6371A2EC-694A-4750-8F79-B55D8B6E6196}.Release|Any CPU.ActiveCfg = Release|Any CPU
		{6371A2EC-694A-4750-8F79-B55D8B6E6196}.Release|Any CPU.Build.0 = Release|Any CPU
	EndGlobalSection
	GlobalSection(SolutionProperties) = preSolution
		HideSolutionNode = FALSE
	EndGlobalSection
	GlobalSection(ExtensibilityGlobals) = postSolution
		SolutionGuid = {58F7A1E4-C406-404B-BD97-BCFE9F3B08A7}
	EndGlobalSection
EndGlobal
